// !$*UTF8*$!
{
	archiveVersion = 1;
	classes = {
	};
	objectVersion = 77;
	objects = {

/* Begin PBXBuildFile section */
		DD4DE64A2E8E7CC30042F005 /* FirebaseMessaging in Frameworks */ = {isa = PBXBuildFile; productRef = DD4DE6492E8E7CC30042F005 /* FirebaseMessaging */; };
		DD4DE64C2E8E7CCA0042F005 /* FirebaseAuth in Frameworks */ = {isa = PBXBuildFile; productRef = DD4DE64B2E8E7CCA0042F005 /* FirebaseAuth */; };
		DD4DE64E2E8E7CD60042F005 /* FirebaseCore in Frameworks */ = {isa = PBXBuildFile; productRef = DD4DE64D2E8E7CD60042F005 /* FirebaseCore */; };
		DD4DE6502E8E7CE60042F005 /* FirebaseStorage in Frameworks */ = {isa = PBXBuildFile; productRef = DD4DE64F2E8E7CE60042F005 /* FirebaseStorage */; };
		DDAFC0C12E966145009AAEFC /* FirebaseFirestoreCombine-Community in Frameworks */ = {isa = PBXBuildFile; productRef = DDAFC0C02E966145009AAEFC /* FirebaseFirestoreCombine-Community */; };
		DDEC1A472E9025F1005335F2 /* FirebaseFirestore in Frameworks */ = {isa = PBXBuildFile; productRef = DDEC1A462E9025F1005335F2 /* FirebaseFirestore */; };
/* End PBXBuildFile section */

/* Begin PBXContainerItemProxy section */
		DD4DE5A92E8BEBEE0042F005 /* PBXContainerItemProxy */ = {
			isa = PBXContainerItemProxy;
			containerPortal = DD4DE5932E8BEBEC0042F005 /* Project object */;
			proxyType = 1;
			remoteGlobalIDString = DD4DE59A2E8BEBEC0042F005;
			remoteInfo = ChaloSaathi;
		};
		DD4DE5B32E8BEBEE0042F005 /* PBXContainerItemProxy */ = {
			isa = PBXContainerItemProxy;
			containerPortal = DD4DE5932E8BEBEC0042F005 /* Project object */;
			proxyType = 1;
			remoteGlobalIDString = DD4DE59A2E8BEBEC0042F005;
			remoteInfo = ChaloSaathi;
		};
/* End PBXContainerItemProxy section */

/* Begin PBXFileReference section */
		DD4DE59B2E8BEBEC0042F005 /* ChaloSaathi.app */ = {isa = PBXFileReference; explicitFileType = wrapper.application; includeInIndex = 0; path = ChaloSaathi.app; sourceTree = BUILT_PRODUCTS_DIR; };
		DD4DE5A82E8BEBEE0042F005 /* ChaloSaathiTests.xctest */ = {isa = PBXFileReference; explicitFileType = wrapper.cfbundle; includeInIndex = 0; path = ChaloSaathiTests.xctest; sourceTree = BUILT_PRODUCTS_DIR; };
		DD4DE5B22E8BEBEE0042F005 /* ChaloSaathiUITests.xctest */ = {isa = PBXFileReference; explicitFileType = wrapper.cfbundle; includeInIndex = 0; path = ChaloSaathiUITests.xctest; sourceTree = BUILT_PRODUCTS_DIR; };
/* End PBXFileReference section */

/* Begin PBXFileSystemSynchronizedBuildFileExceptionSet section */
		DDEC1A662E90DE2B005335F2 /* Exceptions for "ChaloSaathi" folder in "ChaloSaathi" target */ = {
			isa = PBXFileSystemSynchronizedBuildFileExceptionSet;
			membershipExceptions = (
				Info.plist,
			);
			target = DD4DE59A2E8BEBEC0042F005 /* ChaloSaathi */;
		};
/* End PBXFileSystemSynchronizedBuildFileExceptionSet section */

/* Begin PBXFileSystemSynchronizedRootGroup section */
		DD4DE59D2E8BEBEC0042F005 /* ChaloSaathi */ = {
			isa = PBXFileSystemSynchronizedRootGroup;
			exceptions = (
				DDEC1A662E90DE2B005335F2 /* Exceptions for "ChaloSaathi" folder in "ChaloSaathi" target */,
			);
			path = ChaloSaathi;
			sourceTree = "<group>";
		};
		DD4DE5AB2E8BEBEE0042F005 /* ChaloSaathiTests */ = {
			isa = PBXFileSystemSynchronizedRootGroup;
			path = ChaloSaathiTests;
			sourceTree = "<group>";
		};
		DD4DE5B52E8BEBEE0042F005 /* ChaloSaathiUITests */ = {
			isa = PBXFileSystemSynchronizedRootGroup;
			path = ChaloSaathiUITests;
			sourceTree = "<group>";
		};
/* End PBXFileSystemSynchronizedRootGroup section */

/* Begin PBXFrameworksBuildPhase section */
		DD4DE5982E8BEBEC0042F005 /* Frameworks */ = {
			isa = PBXFrameworksBuildPhase;
			buildActionMask = 2147483647;
			files = (
				DD4DE64A2E8E7CC30042F005 /* FirebaseMessaging in Frameworks */,
				DD4DE6502E8E7CE60042F005 /* FirebaseStorage in Frameworks */,
				DD4DE64E2E8E7CD60042F005 /* FirebaseCore in Frameworks */,
				DDAFC0C12E966145009AAEFC /* FirebaseFirestoreCombine-Community in Frameworks */,
				DDEC1A472E9025F1005335F2 /* FirebaseFirestore in Frameworks */,
				DD4DE64C2E8E7CCA0042F005 /* FirebaseAuth in Frameworks */,
			);
			runOnlyForDeploymentPostprocessing = 0;
		};
		DD4DE5A52E8BEBEE0042F005 /* Frameworks */ = {
			isa = PBXFrameworksBuildPhase;
			buildActionMask = 2147483647;
			files = (
			);
			runOnlyForDeploymentPostprocessing = 0;
		};
		DD4DE5AF2E8BEBEE0042F005 /* Frameworks */ = {
			isa = PBXFrameworksBuildPhase;
			buildActionMask = 2147483647;
			files = (
			);
			runOnlyForDeploymentPostprocessing = 0;
		};
/* End PBXFrameworksBuildPhase section */

/* Begin PBXGroup section */
		DD4DE5922E8BEBEC0042F005 = {
			isa = PBXGroup;
			children = (
				DD4DE59D2E8BEBEC0042F005 /* ChaloSaathi */,
				DD4DE5AB2E8BEBEE0042F005 /* ChaloSaathiTests */,
				DD4DE5B52E8BEBEE0042F005 /* ChaloSaathiUITests */,
				DDAFC0BF2E966145009AAEFC /* Frameworks */,
				DD4DE59C2E8BEBEC0042F005 /* Products */,
			);
			sourceTree = "<group>";
		};
		DD4DE59C2E8BEBEC0042F005 /* Products */ = {
			isa = PBXGroup;
			children = (
				DD4DE59B2E8BEBEC0042F005 /* ChaloSaathi.app */,
				DD4DE5A82E8BEBEE0042F005 /* ChaloSaathiTests.xctest */,
				DD4DE5B22E8BEBEE0042F005 /* ChaloSaathiUITests.xctest */,
			);
			name = Products;
			sourceTree = "<group>";
		};
		DDAFC0BF2E966145009AAEFC /* Frameworks */ = {
			isa = PBXGroup;
			children = (
			);
			name = Frameworks;
			sourceTree = "<group>";
		};
/* End PBXGroup section */

/* Begin PBXNativeTarget section */
		DD4DE59A2E8BEBEC0042F005 /* ChaloSaathi */ = {
			isa = PBXNativeTarget;
			buildConfigurationList = DD4DE5BC2E8BEBEE0042F005 /* Build configuration list for PBXNativeTarget "ChaloSaathi" */;
			buildPhases = (
				DD4DE5972E8BEBEC0042F005 /* Sources */,
				DD4DE5982E8BEBEC0042F005 /* Frameworks */,
				DD4DE5992E8BEBEC0042F005 /* Resources */,
			);
			buildRules = (
			);
			dependencies = (
			);
			fileSystemSynchronizedGroups = (
				DD4DE59D2E8BEBEC0042F005 /* ChaloSaathi */,
			);
			name = ChaloSaathi;
			packageProductDependencies = (
				DD4DE6492E8E7CC30042F005 /* FirebaseMessaging */,
				DD4DE64B2E8E7CCA0042F005 /* FirebaseAuth */,
				DD4DE64D2E8E7CD60042F005 /* FirebaseCore */,
				DD4DE64F2E8E7CE60042F005 /* FirebaseStorage */,
				DDEC1A462E9025F1005335F2 /* FirebaseFirestore */,
				DDAFC0C02E966145009AAEFC /* FirebaseFirestoreCombine-Community */,
			);
			productName = ChaloSaathi;
			productReference = DD4DE59B2E8BEBEC0042F005 /* ChaloSaathi.app */;
			productType = "com.apple.product-type.application";
		};
		DD4DE5A72E8BEBEE0042F005 /* ChaloSaathiTests */ = {
			isa = PBXNativeTarget;
			buildConfigurationList = DD4DE5BF2E8BEBEE0042F005 /* Build configuration list for PBXNativeTarget "ChaloSaathiTests" */;
			buildPhases = (
				DD4DE5A42E8BEBEE0042F005 /* Sources */,
				DD4DE5A52E8BEBEE0042F005 /* Frameworks */,
				DD4DE5A62E8BEBEE0042F005 /* Resources */,
			);
			buildRules = (
			);
			dependencies = (
				DD4DE5AA2E8BEBEE0042F005 /* PBXTargetDependency */,
			);
			fileSystemSynchronizedGroups = (
				DD4DE5AB2E8BEBEE0042F005 /* ChaloSaathiTests */,
			);
			name = ChaloSaathiTests;
			packageProductDependencies = (
			);
			productName = ChaloSaathiTests;
			productReference = DD4DE5A82E8BEBEE0042F005 /* ChaloSaathiTests.xctest */;
			productType = "com.apple.product-type.bundle.unit-test";
		};
		DD4DE5B12E8BEBEE0042F005 /* ChaloSaathiUITests */ = {
			isa = PBXNativeTarget;
			buildConfigurationList = DD4DE5C22E8BEBEE0042F005 /* Build configuration list for PBXNativeTarget "ChaloSaathiUITests" */;
			buildPhases = (
				DD4DE5AE2E8BEBEE0042F005 /* Sources */,
				DD4DE5AF2E8BEBEE0042F005 /* Frameworks */,
				DD4DE5B02E8BEBEE0042F005 /* Resources */,
			);
			buildRules = (
			);
			dependencies = (
				DD4DE5B42E8BEBEE0042F005 /* PBXTargetDependency */,
			);
			fileSystemSynchronizedGroups = (
				DD4DE5B52E8BEBEE0042F005 /* ChaloSaathiUITests */,
			);
			name = ChaloSaathiUITests;
			packageProductDependencies = (
			);
			productName = ChaloSaathiUITests;
			productReference = DD4DE5B22E8BEBEE0042F005 /* ChaloSaathiUITests.xctest */;
			productType = "com.apple.product-type.bundle.ui-testing";
		};
/* End PBXNativeTarget section */

/* Begin PBXProject section */
		DD4DE5932E8BEBEC0042F005 /* Project object */ = {
			isa = PBXProject;
			attributes = {
				BuildIndependentTargetsInParallel = 1;
				LastSwiftUpdateCheck = 1640;
				LastUpgradeCheck = 1640;
				TargetAttributes = {
					DD4DE59A2E8BEBEC0042F005 = {
						CreatedOnToolsVersion = 16.4;
					};
					DD4DE5A72E8BEBEE0042F005 = {
						CreatedOnToolsVersion = 16.4;
						TestTargetID = DD4DE59A2E8BEBEC0042F005;
					};
					DD4DE5B12E8BEBEE0042F005 = {
						CreatedOnToolsVersion = 16.4;
						TestTargetID = DD4DE59A2E8BEBEC0042F005;
					};
				};
			};
			buildConfigurationList = DD4DE5962E8BEBEC0042F005 /* Build configuration list for PBXProject "ChaloSaathi" */;
			developmentRegion = en;
			hasScannedForEncodings = 0;
			knownRegions = (
				en,
				Base,
			);
			mainGroup = DD4DE5922E8BEBEC0042F005;
			minimizedProjectReferenceProxies = 1;
			packageReferences = (
				DD4DE6472E8E7C010042F005 /* XCRemoteSwiftPackageReference "firebase-ios-sdk" */,
			);
			preferredProjectObjectVersion = 77;
			productRefGroup = DD4DE59C2E8BEBEC0042F005 /* Products */;
			projectDirPath = "";
			projectRoot = "";
			targets = (
				DD4DE59A2E8BEBEC0042F005 /* ChaloSaathi */,
				DD4DE5A72E8BEBEE0042F005 /* ChaloSaathiTests */,
				DD4DE5B12E8BEBEE0042F005 /* ChaloSaathiUITests */,
			);
		};
/* End PBXProject section */

/* Begin PBXResourcesBuildPhase section */
		DD4DE5992E8BEBEC0042F005 /* Resources */ = {
			isa = PBXResourcesBuildPhase;
			buildActionMask = 2147483647;
			files = (
			);
			runOnlyForDeploymentPostprocessing = 0;
		};
		DD4DE5A62E8BEBEE0042F005 /* Resources */ = {
			isa = PBXResourcesBuildPhase;
			buildActionMask = 2147483647;
			files = (
			);
			runOnlyForDeploymentPostprocessing = 0;
		};
		DD4DE5B02E8BEBEE0042F005 /* Resources */ = {
			isa = PBXResourcesBuildPhase;
			buildActionMask = 2147483647;
			files = (
			);
			runOnlyForDeploymentPostprocessing = 0;
		};
/* End PBXResourcesBuildPhase section */

/* Begin PBXSourcesBuildPhase section */
		DD4DE5972E8BEBEC0042F005 /* Sources */ = {
			isa = PBXSourcesBuildPhase;
			buildActionMask = 2147483647;
			files = (
			);
			runOnlyForDeploymentPostprocessing = 0;
		};
		DD4DE5A42E8BEBEE0042F005 /* Sources */ = {
			isa = PBXSourcesBuildPhase;
			buildActionMask = 2147483647;
			files = (
			);
			runOnlyForDeploymentPostprocessing = 0;
		};
		DD4DE5AE2E8BEBEE0042F005 /* Sources */ = {
			isa = PBXSourcesBuildPhase;
			buildActionMask = 2147483647;
			files = (
			);
			runOnlyForDeploymentPostprocessing = 0;
		};
/* End PBXSourcesBuildPhase section */

/* Begin PBXTargetDependency section */
		DD4DE5AA2E8BEBEE0042F005 /* PBXTargetDependency */ = {
			isa = PBXTargetDependency;
			target = DD4DE59A2E8BEBEC0042F005 /* ChaloSaathi */;
			targetProxy = DD4DE5A92E8BEBEE0042F005 /* PBXContainerItemProxy */;
		};
		DD4DE5B42E8BEBEE0042F005 /* PBXTargetDependency */ = {
			isa = PBXTargetDependency;
			target = DD4DE59A2E8BEBEC0042F005 /* ChaloSaathi */;
			targetProxy = DD4DE5B32E8BEBEE0042F005 /* PBXContainerItemProxy */;
		};
/* End PBXTargetDependency section */

/* Begin XCBuildConfiguration section */
		DD4DE5BA2E8BEBEE0042F005 /* Debug */ = {
			isa = XCBuildConfiguration;
			buildSettings = {
				ALWAYS_SEARCH_USER_PATHS = NO;
				ASSETCATALOG_COMPILER_GENERATE_SWIFT_ASSET_SYMBOL_EXTENSIONS = YES;
				CLANG_ANALYZER_NONNULL = YES;
				CLANG_ANALYZER_NUMBER_OBJECT_CONVERSION = YES_AGGRESSIVE;
				CLANG_CXX_LANGUAGE_STANDARD = "gnu++20";
				CLANG_ENABLE_MODULES = YES;
				CLANG_ENABLE_OBJC_ARC = YES;
				CLANG_ENABLE_OBJC_WEAK = YES;
				CLANG_WARN_BLOCK_CAPTURE_AUTORELEASING = YES;
				CLANG_WARN_BOOL_CONVERSION = YES;
				CLANG_WARN_COMMA = YES;
				CLANG_WARN_CONSTANT_CONVERSION = YES;
				CLANG_WARN_DEPRECATED_OBJC_IMPLEMENTATIONS = YES;
				CLANG_WARN_DIRECT_OBJC_ISA_USAGE = YES_ERROR;
				CLANG_WARN_DOCUMENTATION_COMMENTS = YES;
				CLANG_WARN_EMPTY_BODY = YES;
				CLANG_WARN_ENUM_CONVERSION = YES;
				CLANG_WARN_INFINITE_RECURSION = YES;
				CLANG_WARN_INT_CONVERSION = YES;
				CLANG_WARN_NON_LITERAL_NULL_CONVERSION = YES;
				CLANG_WARN_OBJC_IMPLICIT_RETAIN_SELF = YES;
				CLANG_WARN_OBJC_LITERAL_CONVERSION = YES;
				CLANG_WARN_OBJC_ROOT_CLASS = YES_ERROR;
				CLANG_WARN_QUOTED_INCLUDE_IN_FRAMEWORK_HEADER = YES;
				CLANG_WARN_RANGE_LOOP_ANALYSIS = YES;
				CLANG_WARN_STRICT_PROTOTYPES = YES;
				CLANG_WARN_SUSPICIOUS_MOVE = YES;
				CLANG_WARN_UNGUARDED_AVAILABILITY = YES_AGGRESSIVE;
				CLANG_WARN_UNREACHABLE_CODE = YES;
				CLANG_WARN__DUPLICATE_METHOD_MATCH = YES;
				COPY_PHASE_STRIP = NO;
				DEBUG_INFORMATION_FORMAT = dwarf;
				DEVELOPMENT_TEAM = W474LURM85;
				ENABLE_STRICT_OBJC_MSGSEND = YES;
				ENABLE_TESTABILITY = YES;
				ENABLE_USER_SCRIPT_SANDBOXING = YES;
				GCC_C_LANGUAGE_STANDARD = gnu17;
				GCC_DYNAMIC_NO_PIC = NO;
				GCC_NO_COMMON_BLOCKS = YES;
				GCC_OPTIMIZATION_LEVEL = 0;
				GCC_PREPROCESSOR_DEFINITIONS = (
					"DEBUG=1",
					"$(inherited)",
				);
				GCC_WARN_64_TO_32_BIT_CONVERSION = YES;
				GCC_WARN_ABOUT_RETURN_TYPE = YES_ERROR;
				GCC_WARN_UNDECLARED_SELECTOR = YES;
				GCC_WARN_UNINITIALIZED_AUTOS = YES_AGGRESSIVE;
				GCC_WARN_UNUSED_FUNCTION = YES;
				GCC_WARN_UNUSED_VARIABLE = YES;
				IPHONEOS_DEPLOYMENT_TARGET = 18.5;
				LOCALIZATION_PREFERS_STRING_CATALOGS = YES;
				MTL_ENABLE_DEBUG_INFO = INCLUDE_SOURCE;
				MTL_FAST_MATH = YES;
				ONLY_ACTIVE_ARCH = YES;
				SDKROOT = iphoneos;
				SWIFT_ACTIVE_COMPILATION_CONDITIONS = "DEBUG $(inherited)";
				SWIFT_OPTIMIZATION_LEVEL = "-Onone";
			};
			name = Debug;
		};
		DD4DE5BB2E8BEBEE0042F005 /* Release */ = {
			isa = XCBuildConfiguration;
			buildSettings = {
				ALWAYS_SEARCH_USER_PATHS = NO;
				ASSETCATALOG_COMPILER_GENERATE_SWIFT_ASSET_SYMBOL_EXTENSIONS = YES;
				CLANG_ANALYZER_NONNULL = YES;
				CLANG_ANALYZER_NUMBER_OBJECT_CONVERSION = YES_AGGRESSIVE;
				CLANG_CXX_LANGUAGE_STANDARD = "gnu++20";
				CLANG_ENABLE_MODULES = YES;
				CLANG_ENABLE_OBJC_ARC = YES;
				CLANG_ENABLE_OBJC_WEAK = YES;
				CLANG_WARN_BLOCK_CAPTURE_AUTORELEASING = YES;
				CLANG_WARN_BOOL_CONVERSION = YES;
				CLANG_WARN_COMMA = YES;
				CLANG_WARN_CONSTANT_CONVERSION = YES;
				CLANG_WARN_DEPRECATED_OBJC_IMPLEMENTATIONS = YES;
				CLANG_WARN_DIRECT_OBJC_ISA_USAGE = YES_ERROR;
				CLANG_WARN_DOCUMENTATION_COMMENTS = YES;
				CLANG_WARN_EMPTY_BODY = YES;
				CLANG_WARN_ENUM_CONVERSION = YES;
				CLANG_WARN_INFINITE_RECURSION = YES;
				CLANG_WARN_INT_CONVERSION = YES;
				CLANG_WARN_NON_LITERAL_NULL_CONVERSION = YES;
				CLANG_WARN_OBJC_IMPLICIT_RETAIN_SELF = YES;
				CLANG_WARN_OBJC_LITERAL_CONVERSION = YES;
				CLANG_WARN_OBJC_ROOT_CLASS = YES_ERROR;
				CLANG_WARN_QUOTED_INCLUDE_IN_FRAMEWORK_HEADER = YES;
				CLANG_WARN_RANGE_LOOP_ANALYSIS = YES;
				CLANG_WARN_STRICT_PROTOTYPES = YES;
				CLANG_WARN_SUSPICIOUS_MOVE = YES;
				CLANG_WARN_UNGUARDED_AVAILABILITY = YES_AGGRESSIVE;
				CLANG_WARN_UNREACHABLE_CODE = YES;
				CLANG_WARN__DUPLICATE_METHOD_MATCH = YES;
				COPY_PHASE_STRIP = NO;
				DEBUG_INFORMATION_FORMAT = "dwarf-with-dsym";
				DEVELOPMENT_TEAM = W474LURM85;
				ENABLE_NS_ASSERTIONS = NO;
				ENABLE_STRICT_OBJC_MSGSEND = YES;
				ENABLE_USER_SCRIPT_SANDBOXING = YES;
				GCC_C_LANGUAGE_STANDARD = gnu17;
				GCC_NO_COMMON_BLOCKS = YES;
				GCC_WARN_64_TO_32_BIT_CONVERSION = YES;
				GCC_WARN_ABOUT_RETURN_TYPE = YES_ERROR;
				GCC_WARN_UNDECLARED_SELECTOR = YES;
				GCC_WARN_UNINITIALIZED_AUTOS = YES_AGGRESSIVE;
				GCC_WARN_UNUSED_FUNCTION = YES;
				GCC_WARN_UNUSED_VARIABLE = YES;
				IPHONEOS_DEPLOYMENT_TARGET = 18.5;
				LOCALIZATION_PREFERS_STRING_CATALOGS = YES;
				MTL_ENABLE_DEBUG_INFO = NO;
				MTL_FAST_MATH = YES;
				SDKROOT = iphoneos;
				SWIFT_COMPILATION_MODE = wholemodule;
				VALIDATE_PRODUCT = YES;
			};
			name = Release;
		};
		DD4DE5BD2E8BEBEE0042F005 /* Debug */ = {
			isa = XCBuildConfiguration;
			buildSettings = {
				ASSETCATALOG_COMPILER_APPICON_NAME = AppIcon;
				ASSETCATALOG_COMPILER_GLOBAL_ACCENT_COLOR_NAME = AccentColor;
				CODE_SIGN_STYLE = Automatic;
				CURRENT_PROJECT_VERSION = 1;
				DEVELOPMENT_TEAM = W474LURM85;
				ENABLE_PREVIEWS = YES;
				GENERATE_INFOPLIST_FILE = YES;
				INFOPLIST_FILE = ChaloSaathi/Info.plist;
				INFOPLIST_KEY_NSLocationWhenInUseUsageDescription = "This app needs your location to find nearby commuters.";
				INFOPLIST_KEY_UIApplicationSceneManifest_Generation = YES;
				INFOPLIST_KEY_UIApplicationSupportsIndirectInputEvents = YES;
				INFOPLIST_KEY_UILaunchScreen_Generation = YES;
				INFOPLIST_KEY_UISupportedInterfaceOrientations_iPad = "UIInterfaceOrientationPortrait UIInterfaceOrientationPortraitUpsideDown UIInterfaceOrientationLandscapeLeft UIInterfaceOrientationLandscapeRight";
				INFOPLIST_KEY_UISupportedInterfaceOrientations_iPhone = "UIInterfaceOrientationPortrait UIInterfaceOrientationLandscapeLeft UIInterfaceOrientationLandscapeRight";
				IPHONEOS_DEPLOYMENT_TARGET = 18.6;
				LD_RUNPATH_SEARCH_PATHS = (
					"$(inherited)",
					"@executable_path/Frameworks",
				);
				MARKETING_VERSION = 1.0;
				PRODUCT_BUNDLE_IDENTIFIER = shashank.ChaloSaathi;
				PRODUCT_NAME = "$(TARGET_NAME)";
				SWIFT_EMIT_LOC_STRINGS = YES;
				SWIFT_VERSION = 5.0;
				TARGETED_DEVICE_FAMILY = "1,2";
			};
			name = Debug;
		};
		DD4DE5BE2E8BEBEE0042F005 /* Release */ = {
			isa = XCBuildConfiguration;
			buildSettings = {
				ASSETCATALOG_COMPILER_APPICON_NAME = AppIcon;
				ASSETCATALOG_COMPILER_GLOBAL_ACCENT_COLOR_NAME = AccentColor;
				CODE_SIGN_STYLE = Automatic;
				CURRENT_PROJECT_VERSION = 1;
				DEVELOPMENT_TEAM = W474LURM85;
				ENABLE_PREVIEWS = YES;
				GENERATE_INFOPLIST_FILE = YES;
				INFOPLIST_FILE = ChaloSaathi/Info.plist;
				INFOPLIST_KEY_NSLocationWhenInUseUsageDescription = "This app needs your location to find nearby commuters.";
				INFOPLIST_KEY_UIApplicationSceneManifest_Generation = YES;
				INFOPLIST_KEY_UIApplicationSupportsIndirectInputEvents = YES;
				INFOPLIST_KEY_UILaunchScreen_Generation = YES;
				INFOPLIST_KEY_UISupportedInterfaceOrientations_iPad = "UIInterfaceOrientationPortrait UIInterfaceOrientationPortraitUpsideDown UIInterfaceOrientationLandscapeLeft UIInterfaceOrientationLandscapeRight";
				INFOPLIST_KEY_UISupportedInterfaceOrientations_iPhone = "UIInterfaceOrientationPortrait UIInterfaceOrientationLandscapeLeft UIInterfaceOrientationLandscapeRight";
				IPHONEOS_DEPLOYMENT_TARGET = 18.6;
				LD_RUNPATH_SEARCH_PATHS = (
					"$(inherited)",
					"@executable_path/Frameworks",
				);
				MARKETING_VERSION = 1.0;
				PRODUCT_BUNDLE_IDENTIFIER = shashank.ChaloSaathi;
				PRODUCT_NAME = "$(TARGET_NAME)";
				SWIFT_EMIT_LOC_STRINGS = YES;
				SWIFT_VERSION = 5.0;
				TARGETED_DEVICE_FAMILY = "1,2";
			};
			name = Release;
		};
		DD4DE5C02E8BEBEE0042F005 /* Debug */ = {
			isa = XCBuildConfiguration;
			buildSettings = {
				BUNDLE_LOADER = "$(TEST_HOST)";
				CODE_SIGN_STYLE = Automatic;
				CURRENT_PROJECT_VERSION = 1;
				DEVELOPMENT_TEAM = W474LURM85;
				GENERATE_INFOPLIST_FILE = YES;
				IPHONEOS_DEPLOYMENT_TARGET = 18.5;
				MARKETING_VERSION = 1.0;
				PRODUCT_BUNDLE_IDENTIFIER = shashank.ChaloSaathiTests;
				PRODUCT_NAME = "$(TARGET_NAME)";
				SWIFT_EMIT_LOC_STRINGS = NO;
				SWIFT_VERSION = 5.0;
				TARGETED_DEVICE_FAMILY = "1,2";
				TEST_HOST = "$(BUILT_PRODUCTS_DIR)/ChaloSaathi.app/$(BUNDLE_EXECUTABLE_FOLDER_PATH)/ChaloSaathi";
			};
			name = Debug;
		};
		DD4DE5C12E8BEBEE0042F005 /* Release */ = {
			isa = XCBuildConfiguration;
			buildSettings = {
				BUNDLE_LOADER = "$(TEST_HOST)";
				CODE_SIGN_STYLE = Automatic;
				CURRENT_PROJECT_VERSION = 1;
				DEVELOPMENT_TEAM = W474LURM85;
				GENERATE_INFOPLIST_FILE = YES;
				IPHONEOS_DEPLOYMENT_TARGET = 18.5;
				MARKETING_VERSION = 1.0;
				PRODUCT_BUNDLE_IDENTIFIER = shashank.ChaloSaathiTests;
				PRODUCT_NAME = "$(TARGET_NAME)";
				SWIFT_EMIT_LOC_STRINGS = NO;
				SWIFT_VERSION = 5.0;
				TARGETED_DEVICE_FAMILY = "1,2";
				TEST_HOST = "$(BUILT_PRODUCTS_DIR)/ChaloSaathi.app/$(BUNDLE_EXECUTABLE_FOLDER_PATH)/ChaloSaathi";
			};
			name = Release;
		};
		DD4DE5C32E8BEBEE0042F005 /* Debug */ = {
			isa = XCBuildConfiguration;
			buildSettings = {
				CODE_SIGN_STYLE = Automatic;
				CURRENT_PROJECT_VERSION = 1;
				DEVELOPMENT_TEAM = W474LURM85;
				GENERATE_INFOPLIST_FILE = YES;
				MARKETING_VERSION = 1.0;
				PRODUCT_BUNDLE_IDENTIFIER = shashank.ChaloSaathiUITests;
				PRODUCT_NAME = "$(TARGET_NAME)";
				SWIFT_EMIT_LOC_STRINGS = NO;
				SWIFT_VERSION = 5.0;
				TARGETED_DEVICE_FAMILY = "1,2";
				TEST_TARGET_NAME = ChaloSaathi;
			};
			name = Debug;
		};
		DD4DE5C42E8BEBEE0042F005 /* Release */ = {
			isa = XCBuildConfiguration;
			buildSettings = {
				CODE_SIGN_STYLE = Automatic;
				CURRENT_PROJECT_VERSION = 1;
				DEVELOPMENT_TEAM = W474LURM85;
				GENERATE_INFOPLIST_FILE = YES;
				MARKETING_VERSION = 1.0;
				PRODUCT_BUNDLE_IDENTIFIER = shashank.ChaloSaathiUITests;
				PRODUCT_NAME = "$(TARGET_NAME)";
				SWIFT_EMIT_LOC_STRINGS = NO;
				SWIFT_VERSION = 5.0;
				TARGETED_DEVICE_FAMILY = "1,2";
				TEST_TARGET_NAME = ChaloSaathi;
			};
			name = Release;
		};
/* End XCBuildConfiguration section */

/* Begin XCConfigurationList section */
		DD4DE5962E8BEBEC0042F005 /* Build configuration list for PBXProject "ChaloSaathi" */ = {
			isa = XCConfigurationList;
			buildConfigurations = (
				DD4DE5BA2E8BEBEE0042F005 /* Debug */,
				DD4DE5BB2E8BEBEE0042F005 /* Release */,
			);
			defaultConfigurationIsVisible = 0;
			defaultConfigurationName = Release;
		};
		DD4DE5BC2E8BEBEE0042F005 /* Build configuration list for PBXNativeTarget "ChaloSaathi" */ = {
			isa = XCConfigurationList;
			buildConfigurations = (
				DD4DE5BD2E8BEBEE0042F005 /* Debug */,
				DD4DE5BE2E8BEBEE0042F005 /* Release */,
			);
			defaultConfigurationIsVisible = 0;
			defaultConfigurationName = Release;
		};
		DD4DE5BF2E8BEBEE0042F005 /* Build configuration list for PBXNativeTarget "ChaloSaathiTests" */ = {
			isa = XCConfigurationList;
			buildConfigurations = (
				DD4DE5C02E8BEBEE0042F005 /* Debug */,
				DD4DE5C12E8BEBEE0042F005 /* Release */,
			);
			defaultConfigurationIsVisible = 0;
			defaultConfigurationName = Release;
		};
		DD4DE5C22E8BEBEE0042F005 /* Build configuration list for PBXNativeTarget "ChaloSaathiUITests" */ = {
			isa = XCConfigurationList;
			buildConfigurations = (
				DD4DE5C32E8BEBEE0042F005 /* Debug */,
				DD4DE5C42E8BEBEE0042F005 /* Release */,
			);
			defaultConfigurationIsVisible = 0;
			defaultConfigurationName = Release;
		};
/* End XCConfigurationList section */

/* Begin XCRemoteSwiftPackageReference section */
		DD4DE6472E8E7C010042F005 /* XCRemoteSwiftPackageReference "firebase-ios-sdk" */ = {
			isa = XCRemoteSwiftPackageReference;
			repositoryURL = "https://github.com/firebase/firebase-ios-sdk";
			requirement = {
				kind = upToNextMajorVersion;
				minimumVersion = 12.3.0;
			};
		};
/* End XCRemoteSwiftPackageReference section */

/* Begin XCSwiftPackageProductDependency section */
		DD4DE6492E8E7CC30042F005 /* FirebaseMessaging */ = {
			isa = XCSwiftPackageProductDependency;
			package = DD4DE6472E8E7C010042F005 /* XCRemoteSwiftPackageReference "firebase-ios-sdk" */;
			productName = FirebaseMessaging;
		};
		DD4DE64B2E8E7CCA0042F005 /* FirebaseAuth */ = {
			isa = XCSwiftPackageProductDependency;
			package = DD4DE6472E8E7C010042F005 /* XCRemoteSwiftPackageReference "firebase-ios-sdk" */;
			productName = FirebaseAuth;
		};
		DD4DE64D2E8E7CD60042F005 /* FirebaseCore */ = {
			isa = XCSwiftPackageProductDependency;
			package = DD4DE6472E8E7C010042F005 /* XCRemoteSwiftPackageReference "firebase-ios-sdk" */;
			productName = FirebaseCore;
		};
		DD4DE64F2E8E7CE60042F005 /* FirebaseStorage */ = {
			isa = XCSwiftPackageProductDependency;
			package = DD4DE6472E8E7C010042F005 /* XCRemoteSwiftPackageReference "firebase-ios-sdk" */;
			productName = FirebaseStorage;
		};
		DDAFC0C02E966145009AAEFC /* FirebaseFirestoreCombine-Community */ = {
			isa = XCSwiftPackageProductDependency;
			package = DD4DE6472E8E7C010042F005 /* XCRemoteSwiftPackageReference "firebase-ios-sdk" */;
			productName = "FirebaseFirestoreCombine-Community";
		};
		DDEC1A462E9025F1005335F2 /* FirebaseFirestore */ = {
			isa = XCSwiftPackageProductDependency;
			package = DD4DE6472E8E7C010042F005 /* XCRemoteSwiftPackageReference "firebase-ios-sdk" */;
			productName = FirebaseFirestore;
		};
/* End XCSwiftPackageProductDependency section */
	};
	rootObject = DD4DE5932E8BEBEC0042F005 /* Project object */;
}
